
Microsoft Visual Studio Solution File, Format Version 12.00
# Visual Studio Version 17
VisualStudioVersion = 17.10.35122.118
MinimumVisualStudioVersion = 10.0.40219.1
Project("{9A19103F-16F7-4668-BE54-9A1E7A4F7556}") = "SpiralMatrix", "SpiralMatrix.csproj", "{6ED7AEAD-2D31-477A-8702-03F008886544}"
EndProject
Global
	GlobalSection(SolutionConfigurationPlatforms) = preSolution
		Debug|Any CPU = Debug|Any CPU
		Release|Any CPU = Release|Any CPU
	EndGlobalSection
	GlobalSection(ProjectConfigurationPlatforms) = postSolution
		{6ED7AEAD-2D31-477A-8702-03F008886544}.Debug|Any CPU.ActiveCfg = Debug|Any CPU
		{6ED7AEAD-2D31-477A-8702-03F008886544}.Debug|Any CPU.Build.0 = Debug|Any CPU
		{6ED7AEAD-2D31-477A-8702-03F008886544}.Release|Any CPU.ActiveCfg = Release|Any CPU
		{6ED7AEAD-2D31-477A-8702-03F008886544}.Release|Any CPU.Build.0 = Release|Any CPU
	EndGlobalSection
	GlobalSection(SolutionProperties) = preSolution
		HideSolutionNode = FALSE
	EndGlobalSection
	GlobalSection(ExtensibilityGlobals) = postSolution
		SolutionGuid = {66F0C424-4B60-4A0E-AA05-D71EF7E0F170}
	EndGlobalSection
EndGlobal
